<?xml version="1.0" encoding="utf-8"?>
<Project ToolsVersion="4.0" xmlns="http://schemas.microsoft.com/developer/msbuild/2003">
  <ItemGroup>
    <Filter Include="Engine">
      <UniqueIdentifier>{53b93366-f602-45bf-93c0-a59a6ae6d64a}</UniqueIdentifier>
    </Filter>
    <Filter Include="Engine\Core">
      <UniqueIdentifier>{fcf256d4-68db-4b38-bedc-e82bebb34d0e}</UniqueIdentifier>
    </Filter>
    <Filter Include="Engine\Core\Header Files">
      <UniqueIdentifier>{fa3acc15-4c97-415b-b26b-bfc8b2f1c83c}</UniqueIdentifier>
    </Filter>
    <Filter Include="Engine\Core\Source Files">
      <UniqueIdentifier>{7c6c6dfc-e829-47a6-99bc-28d748602929}</UniqueIdentifier>
    </Filter>
    <Filter Include="Engine\Resource">
      <UniqueIdentifier>{003c0099-3b75-4f22-b9c1-2853e3fb6e53}</UniqueIdentifier>
    </Filter>
    <Filter Include="Engine\Resource\Header Files">
      <UniqueIdentifier>{1933eba3-ac80-4c51-a77e-fec754fd638b}</UniqueIdentifier>
    </Filter>
    <Filter Include="Engine\Resource\Source Files">
      <UniqueIdentifier>{367feb4c-1b71-450c-b58b-dbdd4f3e08ec}</UniqueIdentifier>
    </Filter>
    <Filter Include="Application">
      <UniqueIdentifier>{7c04513c-1dca-4ef8-9fa9-94dbfde14f4d}</UniqueIdentifier>
    </Filter>
    <Filter Include="Application\Block">
      <UniqueIdentifier>{d7f92f8f-5004-4377-81af-783faec69ca6}</UniqueIdentifier>
    </Filter>
    <Filter Include="Application\Block\Header Files">
      <UniqueIdentifier>{e8047bdb-94c4-414f-8296-d8036b5a92cf}</UniqueIdentifier>
    </Filter>
    <Filter Include="Application\Block\Source Files">
      <UniqueIdentifier>{83d21205-323a-49b3-9adf-286fbf0df3e7}</UniqueIdentifier>
    </Filter>
    <Filter Include="Application\Item">
      <UniqueIdentifier>{dcbb5be4-f10f-425a-b5ec-f14171174913}</UniqueIdentifier>
    </Filter>
    <Filter Include="Application\Item\Header Files">
      <UniqueIdentifier>{07fceba5-94fb-4416-88ae-0fec68b5e5ed}</UniqueIdentifier>
    </Filter>
    <Filter Include="Application\Item\Source Files">
      <UniqueIdentifier>{a530d277-e3da-4776-bd6d-292a79526921}</UniqueIdentifier>
    </Filter>
    <Filter Include="Application\resource">
      <UniqueIdentifier>{10b7b73c-b8dd-4d66-b448-04515d80bbcf}</UniqueIdentifier>
    </Filter>
    <Filter Include="Application\Core">
      <UniqueIdentifier>{ea1751ea-762c-43ea-9572-19a0a89e3039}</UniqueIdentifier>
    </Filter>
    <Filter Include="Application\Core\Header Files">
      <UniqueIdentifier>{4528a7c3-d5c5-484d-8990-1deaaa66ae61}</UniqueIdentifier>
      <Extensions>h;hpp;hxx;hm;inl</Extensions>
    </Filter>
    <Filter Include="Application\Core\Source Files">
      <UniqueIdentifier>{dbd93ea0-4100-4aa9-bd37-338f3c4938c4}</UniqueIdentifier>
      <Extensions>cpp;c;cxx;rc;def;r;odl;idl;hpj;bat</Extensions>
    </Filter>
  </ItemGroup>
  <ItemGroup>
    <ClCompile Include="main.cpp">
      <Filter>Application\Core\Source Files</Filter>
    </ClCompile>
    <ClCompile Include="gameManager.cpp">
      <Filter>Application\Core\Source Files</Filter>
    </ClCompile>
    <ClCompile Include="graphic.cpp">
      <Filter>Engine\Core\Source Files</Filter>
    </ClCompile>
    <ClCompile Include="physics.cpp">
      <Filter>Engine\Core\Source Files</Filter>
    </ClCompile>
    <ClCompile Include="window.cpp">
      <Filter>Engine\Core\Source Files</Filter>
    </ClCompile>
    <ClCompile Include="cuboid.cpp">
      <Filter>Engine\Resource\Source Files</Filter>
    </ClCompile>
    <ClCompile Include="light.cpp">
      <Filter>Engine\Resource\Source Files</Filter>
    </ClCompile>
    <ClCompile Include="object.cpp">
      <Filter>Engine\Resource\Source Files</Filter>
    </ClCompile>
    <ClCompile Include="scene.cpp">
      <Filter>Engine\Resource\Source Files</Filter>
    </ClCompile>
    <ClCompile Include="sphere.cpp">
      <Filter>Engine\Resource\Source Files</Filter>
    </ClCompile>
    <ClCompile Include="player.cpp">
      <Filter>Application\Core\Source Files</Filter>
    </ClCompile>
    <ClCompile Include="movingBlock.cpp">
      <Filter>Application\Block\Source Files</Filter>
    </ClCompile>
    <ClCompile Include="staticBlock.cpp">
      <Filter>Application\Block\Source Files</Filter>
    </ClCompile>
    <ClCompile Include="weakBlock.cpp">
      <Filter>Application\Block\Source Files</Filter>
    </ClCompile>
    <ClCompile Include="doubleJump.cpp">
      <Filter>Application\Item\Source Files</Filter>
    </ClCompile>
    <ClCompile Include="directionalBlock.cpp">
      <Filter>Application\Block\Source Files</Filter>
    </ClCompile>
    <ClCompile Include="camera.cpp">
      <Filter>Engine\Resource\Source Files</Filter>
    </ClCompile>
    <ClCompile Include="goal.cpp">
      <Filter>Application\Item\Source Files</Filter>
    </ClCompile>
  </ItemGroup>
  <ItemGroup>
    <ClInclude Include="gameManager.h">
      <Filter>Application\Core\Header Files</Filter>
    </ClInclude>
    <ClInclude Include="player.h">
      <Filter>Application\Core\Header Files</Filter>
    </ClInclude>
    <ClInclude Include="graphic.h">
      <Filter>Engine\Core\Header Files</Filter>
    </ClInclude>
    <ClInclude Include="physics.h">
      <Filter>Engine\Core\Header Files</Filter>
    </ClInclude>
    <ClInclude Include="window.h">
      <Filter>Engine\Core\Header Files</Filter>
    </ClInclude>
    <ClInclude Include="cuboid.h">
      <Filter>Engine\Resource\Header Files</Filter>
    </ClInclude>
    <ClInclude Include="enum.h">
      <Filter>Engine\Resource\Header Files</Filter>
    </ClInclude>
    <ClInclude Include="light.h">
      <Filter>Engine\Resource\Header Files</Filter>
    </ClInclude>
    <ClInclude Include="object.h">
      <Filter>Engine\Resource\Header Files</Filter>
    </ClInclude>
    <ClInclude Include="scene.h">
      <Filter>Engine\Resource\Header Files</Filter>
    </ClInclude>
    <ClInclude Include="sphere.h">
      <Filter>Engine\Resource\Header Files</Filter>
    </ClInclude>
    <ClInclude Include="movingBlock.h">
      <Filter>Application\Block\Header Files</Filter>
    </ClInclude>
    <ClInclude Include="staticBlock.h">
      <Filter>Application\Block\Header Files</Filter>
    </ClInclude>
    <ClInclude Include="weakBlock.h">
      <Filter>Application\Block\Header Files</Filter>
    </ClInclude>
    <ClInclude Include="doubleJump.h">
      <Filter>Application\Item\Header Files</Filter>
    </ClInclude>
    <ClInclude Include="directionalBlock.h">
      <Filter>Application\Block\Header Files</Filter>
    </ClInclude>
    <ClInclude Include="camera.h">
      <Filter>Engine\Resource\Header Files</Filter>
    </ClInclude>
    <ClInclude Include="file.h">
      <Filter>Engine\Core\Header Files</Filter>
    </ClInclude>
    <ClInclude Include="goal.h">
      <Filter>Application\Item\Header Files</Filter>
    </ClInclude>
  </ItemGroup>
  <ItemGroup>
    <Text Include="score.txt">
      <Filter>Application\resource</Filter>
    </Text>
  </ItemGroup>
  <ItemGroup>
    <None Include="ClassDiagram.cd" />
  </ItemGroup>
</Project>